// !$*UTF8*$!
{
	archiveVersion = 1;
	classes = {
	};
	objectVersion = 50;
	objects = {

/* Begin PBXBuildFile section */
		0E42CF9622A7F35100A0B01D /* AppDelegate.swift in Sources */ = {isa = PBXBuildFile; fileRef = 0E42CF9522A7F35100A0B01D /* AppDelegate.swift */; };
		0E42CF9822A7F35100A0B01D /* SceneDelegate.swift in Sources */ = {isa = PBXBuildFile; fileRef = 0E42CF9722A7F35100A0B01D /* SceneDelegate.swift */; };
		0E42CF9A22A7F35100A0B01D /* LandmarkDetail.swift in Sources */ = {isa = PBXBuildFile; fileRef = 0E42CF9922A7F35100A0B01D /* LandmarkDetail.swift */; };
		0E42CF9C22A7F35500A0B01D /* Assets.xcassets in Resources */ = {isa = PBXBuildFile; fileRef = 0E42CF9B22A7F35500A0B01D /* Assets.xcassets */; };
		0E42CF9F22A7F35600A0B01D /* Preview Assets.xcassets in Resources */ = {isa = PBXBuildFile; fileRef = 0E42CF9E22A7F35500A0B01D /* Preview Assets.xcassets */; };
		0E42CFA222A7F35600A0B01D /* LaunchScreen.storyboard in Resources */ = {isa = PBXBuildFile; fileRef = 0E42CFA022A7F35600A0B01D /* LaunchScreen.storyboard */; };
		0E42CFAD22A7F35600A0B01D /* LandmarksTests.swift in Sources */ = {isa = PBXBuildFile; fileRef = 0E42CFAC22A7F35600A0B01D /* LandmarksTests.swift */; };
		0E42CFB822A7F35600A0B01D /* LandmarksUITests.swift in Sources */ = {isa = PBXBuildFile; fileRef = 0E42CFB722A7F35600A0B01D /* LandmarksUITests.swift */; };
		0E42CFC622A9E46700A0B01D /* CircleImage.swift in Sources */ = {isa = PBXBuildFile; fileRef = 0E42CFC522A9E46700A0B01D /* CircleImage.swift */; };
		0E42CFC822AA2F2A00A0B01D /* MapView.swift in Sources */ = {isa = PBXBuildFile; fileRef = 0E42CFC722AA2F2A00A0B01D /* MapView.swift */; };
		0E42CFCB22AB8C3800A0B01D /* Landmark.swift in Sources */ = {isa = PBXBuildFile; fileRef = 0E42CFCA22AB8C3800A0B01D /* Landmark.swift */; };
		0E42CFCD22AC62DF00A0B01D /* Data.swift in Sources */ = {isa = PBXBuildFile; fileRef = 0E42CFCC22AC62DF00A0B01D /* Data.swift */; };
		0E42CFDC22AC632900A0B01D /* chilkoottrail.jpg in Resources */ = {isa = PBXBuildFile; fileRef = 0E42CFCF22AC632700A0B01D /* chilkoottrail.jpg */; };
		0E42CFDD22AC632900A0B01D /* lakemcdonald.jpg in Resources */ = {isa = PBXBuildFile; fileRef = 0E42CFD022AC632700A0B01D /* lakemcdonald.jpg */; };
		0E42CFDE22AC632900A0B01D /* chincoteague.jpg in Resources */ = {isa = PBXBuildFile; fileRef = 0E42CFD122AC632700A0B01D /* chincoteague.jpg */; };
		0E42CFDF22AC632900A0B01D /* hiddenlake.jpg in Resources */ = {isa = PBXBuildFile; fileRef = 0E42CFD222AC632700A0B01D /* hiddenlake.jpg */; };
		0E42CFE022AC632900A0B01D /* stmarylake.jpg in Resources */ = {isa = PBXBuildFile; fileRef = 0E42CFD322AC632700A0B01D /* stmarylake.jpg */; };
		0E42CFE122AC632900A0B01D /* rainbowlake.jpg in Resources */ = {isa = PBXBuildFile; fileRef = 0E42CFD422AC632700A0B01D /* rainbowlake.jpg */; };
		0E42CFE322AC632900A0B01D /* turtlerock.jpg in Resources */ = {isa = PBXBuildFile; fileRef = 0E42CFD622AC632700A0B01D /* turtlerock.jpg */; };
		0E42CFE422AC632900A0B01D /* umbagog.jpg in Resources */ = {isa = PBXBuildFile; fileRef = 0E42CFD722AC632700A0B01D /* umbagog.jpg */; };
		0E42CFE522AC632900A0B01D /* landmarkData.json in Resources */ = {isa = PBXBuildFile; fileRef = 0E42CFD822AC632700A0B01D /* landmarkData.json */; };
		0E42CFE622AC632900A0B01D /* silversalmoncreek.jpg in Resources */ = {isa = PBXBuildFile; fileRef = 0E42CFD922AC632800A0B01D /* silversalmoncreek.jpg */; };
		0E42CFE722AC632900A0B01D /* icybay.jpg in Resources */ = {isa = PBXBuildFile; fileRef = 0E42CFDA22AC632800A0B01D /* icybay.jpg */; };
		0E42CFE822AC632900A0B01D /* twinlake.jpg in Resources */ = {isa = PBXBuildFile; fileRef = 0E42CFDB22AC632900A0B01D /* twinlake.jpg */; };
		0E42CFEB22AC65A100A0B01D /* LandmarkRow.swift in Sources */ = {isa = PBXBuildFile; fileRef = 0E42CFEA22AC65A100A0B01D /* LandmarkRow.swift */; };
		0E87966D22AC6B4D0090DC1B /* LandmarkList.swift in Sources */ = {isa = PBXBuildFile; fileRef = 0E87966C22AC6B4D0090DC1B /* LandmarkList.swift */; };
		0E87966F22ACE1CD0090DC1B /* charleyrivers.jpg in Resources */ = {isa = PBXBuildFile; fileRef = 0E87966E22ACE1CD0090DC1B /* charleyrivers.jpg */; };
		0E87967122ACE5A20090DC1B /* UserData.swift in Sources */ = {isa = PBXBuildFile; fileRef = 0E87967022ACE5A20090DC1B /* UserData.swift */; };
		0E87967322AE53210090DC1B /* Badge.swift in Sources */ = {isa = PBXBuildFile; fileRef = 0E87967222AE53210090DC1B /* Badge.swift */; };
		0E87967522AE537C0090DC1B /* HexagonParameters.swift in Sources */ = {isa = PBXBuildFile; fileRef = 0E87967422AE537C0090DC1B /* HexagonParameters.swift */; };
		0E87967722AF24070090DC1B /* BadgeBackground.swift in Sources */ = {isa = PBXBuildFile; fileRef = 0E87967622AF24070090DC1B /* BadgeBackground.swift */; };
		0E87967922AF24510090DC1B /* BadgeSymbol.swift in Sources */ = {isa = PBXBuildFile; fileRef = 0E87967822AF24510090DC1B /* BadgeSymbol.swift */; };
		0E87967B22B075320090DC1B /* RotatedBadgeSymbol.swift in Sources */ = {isa = PBXBuildFile; fileRef = 0E87967A22B075310090DC1B /* RotatedBadgeSymbol.swift */; };
		0E87967D22B078DB0090DC1B /* HikeView.swift in Sources */ = {isa = PBXBuildFile; fileRef = 0E87967C22B078DB0090DC1B /* HikeView.swift */; };
		0E87967F22B078FA0090DC1B /* HikeDetail.swift in Sources */ = {isa = PBXBuildFile; fileRef = 0E87967E22B078FA0090DC1B /* HikeDetail.swift */; };
		0E87968122B0791D0090DC1B /* Hike.swift in Sources */ = {isa = PBXBuildFile; fileRef = 0E87968022B0791D0090DC1B /* Hike.swift */; };
		0E87968322B079660090DC1B /* hikeData.json in Resources */ = {isa = PBXBuildFile; fileRef = 0E87968222B079660090DC1B /* hikeData.json */; };
		0E87968522B079C30090DC1B /* HikeGraph.swift in Sources */ = {isa = PBXBuildFile; fileRef = 0E87968422B079C30090DC1B /* HikeGraph.swift */; };
		0E87968722B079FF0090DC1B /* GraphCapsule.swift in Sources */ = {isa = PBXBuildFile; fileRef = 0E87968622B079FF0090DC1B /* GraphCapsule.swift */; };
		0E87968922B1CB450090DC1B /* Home.swift in Sources */ = {isa = PBXBuildFile; fileRef = 0E87968822B1CB450090DC1B /* Home.swift */; };
		0E87968B22B319550090DC1B /* CategoryRow.swift in Sources */ = {isa = PBXBuildFile; fileRef = 0E87968A22B319550090DC1B /* CategoryRow.swift */; };
/* End PBXBuildFile section */

/* Begin PBXContainerItemProxy section */
		0E42CFA922A7F35600A0B01D /* PBXContainerItemProxy */ = {
			isa = PBXContainerItemProxy;
			containerPortal = 0E42CF8A22A7F35100A0B01D /* Project object */;
			proxyType = 1;
			remoteGlobalIDString = 0E42CF9122A7F35100A0B01D;
			remoteInfo = Landmarks;
		};
		0E42CFB422A7F35600A0B01D /* PBXContainerItemProxy */ = {
			isa = PBXContainerItemProxy;
			containerPortal = 0E42CF8A22A7F35100A0B01D /* Project object */;
			proxyType = 1;
			remoteGlobalIDString = 0E42CF9122A7F35100A0B01D;
			remoteInfo = Landmarks;
		};
/* End PBXContainerItemProxy section */

/* Begin PBXFileReference section */
		0E42CF9222A7F35100A0B01D /* Landmarks.app */ = {isa = PBXFileReference; explicitFileType = wrapper.application; includeInIndex = 0; path = Landmarks.app; sourceTree = BUILT_PRODUCTS_DIR; };
		0E42CF9522A7F35100A0B01D /* AppDelegate.swift */ = {isa = PBXFileReference; lastKnownFileType = sourcecode.swift; path = AppDelegate.swift; sourceTree = "<group>"; };
		0E42CF9722A7F35100A0B01D /* SceneDelegate.swift */ = {isa = PBXFileReference; lastKnownFileType = sourcecode.swift; path = SceneDelegate.swift; sourceTree = "<group>"; };
		0E42CF9922A7F35100A0B01D /* LandmarkDetail.swift */ = {isa = PBXFileReference; lastKnownFileType = sourcecode.swift; path = LandmarkDetail.swift; sourceTree = "<group>"; };
		0E42CF9B22A7F35500A0B01D /* Assets.xcassets */ = {isa = PBXFileReference; lastKnownFileType = folder.assetcatalog; path = Assets.xcassets; sourceTree = "<group>"; };
		0E42CF9E22A7F35500A0B01D /* Preview Assets.xcassets */ = {isa = PBXFileReference; lastKnownFileType = folder.assetcatalog; path = "Preview Assets.xcassets"; sourceTree = "<group>"; };
		0E42CFA122A7F35600A0B01D /* Base */ = {isa = PBXFileReference; lastKnownFileType = file.storyboard; name = Base; path = Base.lproj/LaunchScreen.storyboard; sourceTree = "<group>"; };
		0E42CFA322A7F35600A0B01D /* Info.plist */ = {isa = PBXFileReference; lastKnownFileType = text.plist.xml; path = Info.plist; sourceTree = "<group>"; };
		0E42CFA822A7F35600A0B01D /* LandmarksTests.xctest */ = {isa = PBXFileReference; explicitFileType = wrapper.cfbundle; includeInIndex = 0; path = LandmarksTests.xctest; sourceTree = BUILT_PRODUCTS_DIR; };
		0E42CFAC22A7F35600A0B01D /* LandmarksTests.swift */ = {isa = PBXFileReference; lastKnownFileType = sourcecode.swift; path = LandmarksTests.swift; sourceTree = "<group>"; };
		0E42CFAE22A7F35600A0B01D /* Info.plist */ = {isa = PBXFileReference; lastKnownFileType = text.plist.xml; path = Info.plist; sourceTree = "<group>"; };
		0E42CFB322A7F35600A0B01D /* LandmarksUITests.xctest */ = {isa = PBXFileReference; explicitFileType = wrapper.cfbundle; includeInIndex = 0; path = LandmarksUITests.xctest; sourceTree = BUILT_PRODUCTS_DIR; };
		0E42CFB722A7F35600A0B01D /* LandmarksUITests.swift */ = {isa = PBXFileReference; lastKnownFileType = sourcecode.swift; path = LandmarksUITests.swift; sourceTree = "<group>"; };
		0E42CFB922A7F35600A0B01D /* Info.plist */ = {isa = PBXFileReference; lastKnownFileType = text.plist.xml; path = Info.plist; sourceTree = "<group>"; };
		0E42CFC522A9E46700A0B01D /* CircleImage.swift */ = {isa = PBXFileReference; lastKnownFileType = sourcecode.swift; path = CircleImage.swift; sourceTree = "<group>"; };
		0E42CFC722AA2F2A00A0B01D /* MapView.swift */ = {isa = PBXFileReference; lastKnownFileType = sourcecode.swift; path = MapView.swift; sourceTree = "<group>"; };
		0E42CFCA22AB8C3800A0B01D /* Landmark.swift */ = {isa = PBXFileReference; lastKnownFileType = sourcecode.swift; path = Landmark.swift; sourceTree = "<group>"; };
		0E42CFCC22AC62DF00A0B01D /* Data.swift */ = {isa = PBXFileReference; lastKnownFileType = sourcecode.swift; path = Data.swift; sourceTree = "<group>"; };
		0E42CFCF22AC632700A0B01D /* chilkoottrail.jpg */ = {isa = PBXFileReference; lastKnownFileType = image.jpeg; path = chilkoottrail.jpg; sourceTree = "<group>"; };
		0E42CFD022AC632700A0B01D /* lakemcdonald.jpg */ = {isa = PBXFileReference; lastKnownFileType = image.jpeg; path = lakemcdonald.jpg; sourceTree = "<group>"; };
		0E42CFD122AC632700A0B01D /* chincoteague.jpg */ = {isa = PBXFileReference; lastKnownFileType = image.jpeg; path = chincoteague.jpg; sourceTree = "<group>"; };
		0E42CFD222AC632700A0B01D /* hiddenlake.jpg */ = {isa = PBXFileReference; lastKnownFileType = image.jpeg; path = hiddenlake.jpg; sourceTree = "<group>"; };
		0E42CFD322AC632700A0B01D /* stmarylake.jpg */ = {isa = PBXFileReference; lastKnownFileType = image.jpeg; path = stmarylake.jpg; sourceTree = "<group>"; };
		0E42CFD422AC632700A0B01D /* rainbowlake.jpg */ = {isa = PBXFileReference; lastKnownFileType = image.jpeg; path = rainbowlake.jpg; sourceTree = "<group>"; };
		0E42CFD622AC632700A0B01D /* turtlerock.jpg */ = {isa = PBXFileReference; lastKnownFileType = image.jpeg; path = turtlerock.jpg; sourceTree = "<group>"; };
		0E42CFD722AC632700A0B01D /* umbagog.jpg */ = {isa = PBXFileReference; lastKnownFileType = image.jpeg; path = umbagog.jpg; sourceTree = "<group>"; };
		0E42CFD822AC632700A0B01D /* landmarkData.json */ = {isa = PBXFileReference; fileEncoding = 4; lastKnownFileType = text.json; path = landmarkData.json; sourceTree = "<group>"; };
		0E42CFD922AC632800A0B01D /* silversalmoncreek.jpg */ = {isa = PBXFileReference; lastKnownFileType = image.jpeg; path = silversalmoncreek.jpg; sourceTree = "<group>"; };
		0E42CFDA22AC632800A0B01D /* icybay.jpg */ = {isa = PBXFileReference; lastKnownFileType = image.jpeg; path = icybay.jpg; sourceTree = "<group>"; };
		0E42CFDB22AC632900A0B01D /* twinlake.jpg */ = {isa = PBXFileReference; lastKnownFileType = image.jpeg; path = twinlake.jpg; sourceTree = "<group>"; };
		0E42CFEA22AC65A100A0B01D /* LandmarkRow.swift */ = {isa = PBXFileReference; lastKnownFileType = sourcecode.swift; path = LandmarkRow.swift; sourceTree = "<group>"; };
		0E87966C22AC6B4D0090DC1B /* LandmarkList.swift */ = {isa = PBXFileReference; lastKnownFileType = sourcecode.swift; path = LandmarkList.swift; sourceTree = "<group>"; };
		0E87966E22ACE1CD0090DC1B /* charleyrivers.jpg */ = {isa = PBXFileReference; lastKnownFileType = image.jpeg; path = charleyrivers.jpg; sourceTree = "<group>"; };
		0E87967022ACE5A20090DC1B /* UserData.swift */ = {isa = PBXFileReference; lastKnownFileType = sourcecode.swift; path = UserData.swift; sourceTree = "<group>"; };
		0E87967222AE53210090DC1B /* Badge.swift */ = {isa = PBXFileReference; lastKnownFileType = sourcecode.swift; path = Badge.swift; sourceTree = "<group>"; };
		0E87967422AE537C0090DC1B /* HexagonParameters.swift */ = {isa = PBXFileReference; lastKnownFileType = sourcecode.swift; path = HexagonParameters.swift; sourceTree = "<group>"; };
		0E87967622AF24070090DC1B /* BadgeBackground.swift */ = {isa = PBXFileReference; lastKnownFileType = sourcecode.swift; path = BadgeBackground.swift; sourceTree = "<group>"; };
		0E87967822AF24510090DC1B /* BadgeSymbol.swift */ = {isa = PBXFileReference; lastKnownFileType = sourcecode.swift; path = BadgeSymbol.swift; sourceTree = "<group>"; };
		0E87967A22B075310090DC1B /* RotatedBadgeSymbol.swift */ = {isa = PBXFileReference; lastKnownFileType = sourcecode.swift; path = RotatedBadgeSymbol.swift; sourceTree = "<group>"; };
		0E87967C22B078DB0090DC1B /* HikeView.swift */ = {isa = PBXFileReference; lastKnownFileType = sourcecode.swift; path = HikeView.swift; sourceTree = "<group>"; };
		0E87967E22B078FA0090DC1B /* HikeDetail.swift */ = {isa = PBXFileReference; lastKnownFileType = sourcecode.swift; path = HikeDetail.swift; sourceTree = "<group>"; };
		0E87968022B0791D0090DC1B /* Hike.swift */ = {isa = PBXFileReference; lastKnownFileType = sourcecode.swift; path = Hike.swift; sourceTree = "<group>"; };
		0E87968222B079660090DC1B /* hikeData.json */ = {isa = PBXFileReference; fileEncoding = 4; lastKnownFileType = text.json; path = hikeData.json; sourceTree = "<group>"; };
		0E87968422B079C30090DC1B /* HikeGraph.swift */ = {isa = PBXFileReference; lastKnownFileType = sourcecode.swift; path = HikeGraph.swift; sourceTree = "<group>"; };
		0E87968622B079FF0090DC1B /* GraphCapsule.swift */ = {isa = PBXFileReference; lastKnownFileType = sourcecode.swift; path = GraphCapsule.swift; sourceTree = "<group>"; };
		0E87968822B1CB450090DC1B /* Home.swift */ = {isa = PBXFileReference; lastKnownFileType = sourcecode.swift; path = Home.swift; sourceTree = "<group>"; };
		0E87968A22B319550090DC1B /* CategoryRow.swift */ = {isa = PBXFileReference; lastKnownFileType = sourcecode.swift; path = CategoryRow.swift; sourceTree = "<group>"; };
/* End PBXFileReference section */

/* Begin PBXFrameworksBuildPhase section */
		0E42CF8F22A7F35100A0B01D /* Frameworks */ = {
			isa = PBXFrameworksBuildPhase;
			buildActionMask = 2147483647;
			files = (
			);
			runOnlyForDeploymentPostprocessing = 0;
		};
		0E42CFA522A7F35600A0B01D /* Frameworks */ = {
			isa = PBXFrameworksBuildPhase;
			buildActionMask = 2147483647;
			files = (
			);
			runOnlyForDeploymentPostprocessing = 0;
		};
		0E42CFB022A7F35600A0B01D /* Frameworks */ = {
			isa = PBXFrameworksBuildPhase;
			buildActionMask = 2147483647;
			files = (
			);
			runOnlyForDeploymentPostprocessing = 0;
		};
/* End PBXFrameworksBuildPhase section */

/* Begin PBXGroup section */
		0E42CF8922A7F35100A0B01D = {
			isa = PBXGroup;
			children = (
				0E42CF9422A7F35100A0B01D /* Landmarks */,
				0E42CFAB22A7F35600A0B01D /* LandmarksTests */,
				0E42CFB622A7F35600A0B01D /* LandmarksUITests */,
				0E42CF9322A7F35100A0B01D /* Products */,
			);
			sourceTree = "<group>";
		};
		0E42CF9322A7F35100A0B01D /* Products */ = {
			isa = PBXGroup;
			children = (
				0E42CF9222A7F35100A0B01D /* Landmarks.app */,
				0E42CFA822A7F35600A0B01D /* LandmarksTests.xctest */,
				0E42CFB322A7F35600A0B01D /* LandmarksUITests.xctest */,
			);
			name = Products;
			sourceTree = "<group>";
		};
		0E42CF9422A7F35100A0B01D /* Landmarks */ = {
			isa = PBXGroup;
			children = (
				0E42CF9522A7F35100A0B01D /* AppDelegate.swift */,
				0E42CF9722A7F35100A0B01D /* SceneDelegate.swift */,
				0E87967C22B078DB0090DC1B /* HikeView.swift */,
				0E87967E22B078FA0090DC1B /* HikeDetail.swift */,
				0E87968822B1CB450090DC1B /* Home.swift */,
				0E42CF9922A7F35100A0B01D /* LandmarkDetail.swift */,
				0E87966C22AC6B4D0090DC1B /* LandmarkList.swift */,
				0E42CFEA22AC65A100A0B01D /* LandmarkRow.swift */,
				0E87968A22B319550090DC1B /* CategoryRow.swift */,
				0E87967422AE537C0090DC1B /* HexagonParameters.swift */,
				0E42CFC922AB8BE900A0B01D /* Models */,
				0E42CFCE22AC631500A0B01D /* Resources */,
				0E42CFE922AC64C500A0B01D /* Supporting Views */,
				0E42CF9B22A7F35500A0B01D /* Assets.xcassets */,
				0E42CFA022A7F35600A0B01D /* LaunchScreen.storyboard */,
				0E42CFA322A7F35600A0B01D /* Info.plist */,
				0E42CF9D22A7F35500A0B01D /* Preview Content */,
			);
			path = Landmarks;
			sourceTree = "<group>";
		};
		0E42CF9D22A7F35500A0B01D /* Preview Content */ = {
			isa = PBXGroup;
			children = (
				0E42CF9E22A7F35500A0B01D /* Preview Assets.xcassets */,
			);
			path = "Preview Content";
			sourceTree = "<group>";
		};
		0E42CFAB22A7F35600A0B01D /* LandmarksTests */ = {
			isa = PBXGroup;
			children = (
				0E42CFAC22A7F35600A0B01D /* LandmarksTests.swift */,
				0E42CFAE22A7F35600A0B01D /* Info.plist */,
			);
			path = LandmarksTests;
			sourceTree = "<group>";
		};
		0E42CFB622A7F35600A0B01D /* LandmarksUITests */ = {
			isa = PBXGroup;
			children = (
				0E42CFB722A7F35600A0B01D /* LandmarksUITests.swift */,
				0E42CFB922A7F35600A0B01D /* Info.plist */,
			);
			path = LandmarksUITests;
			sourceTree = "<group>";
		};
		0E42CFC922AB8BE900A0B01D /* Models */ = {
			isa = PBXGroup;
			children = (
				0E42CFCA22AB8C3800A0B01D /* Landmark.swift */,
				0E87968022B0791D0090DC1B /* Hike.swift */,
				0E42CFCC22AC62DF00A0B01D /* Data.swift */,
				0E87967022ACE5A20090DC1B /* UserData.swift */,
			);
			path = Models;
			sourceTree = "<group>";
		};
		0E42CFCE22AC631500A0B01D /* Resources */ = {
			isa = PBXGroup;
			children = (
				0E87968222B079660090DC1B /* hikeData.json */,
				0E87966E22ACE1CD0090DC1B /* charleyrivers.jpg */,
				0E42CFCF22AC632700A0B01D /* chilkoottrail.jpg */,
				0E42CFD122AC632700A0B01D /* chincoteague.jpg */,
				0E42CFD222AC632700A0B01D /* hiddenlake.jpg */,
				0E42CFDA22AC632800A0B01D /* icybay.jpg */,
				0E42CFD022AC632700A0B01D /* lakemcdonald.jpg */,
				0E42CFD822AC632700A0B01D /* landmarkData.json */,
				0E42CFD422AC632700A0B01D /* rainbowlake.jpg */,
				0E42CFD922AC632800A0B01D /* silversalmoncreek.jpg */,
				0E42CFD322AC632700A0B01D /* stmarylake.jpg */,
				0E42CFD622AC632700A0B01D /* turtlerock.jpg */,
				0E42CFDB22AC632900A0B01D /* twinlake.jpg */,
				0E42CFD722AC632700A0B01D /* umbagog.jpg */,
			);
			path = Resources;
			sourceTree = "<group>";
		};
		0E42CFE922AC64C500A0B01D /* Supporting Views */ = {
			isa = PBXGroup;
			children = (
				0E42CFC522A9E46700A0B01D /* CircleImage.swift */,
				0E87968622B079FF0090DC1B /* GraphCapsule.swift */,
				0E87968422B079C30090DC1B /* HikeGraph.swift */,
				0E42CFC722AA2F2A00A0B01D /* MapView.swift */,
				0E87967222AE53210090DC1B /* Badge.swift */,
				0E87967622AF24070090DC1B /* BadgeBackground.swift */,
				0E87967822AF24510090DC1B /* BadgeSymbol.swift */,
				0E87967A22B075310090DC1B /* RotatedBadgeSymbol.swift */,
			);
			path = "Supporting Views";
			sourceTree = "<group>";
		};
/* End PBXGroup section */

/* Begin PBXNativeTarget section */
		0E42CF9122A7F35100A0B01D /* Landmarks */ = {
			isa = PBXNativeTarget;
			buildConfigurationList = 0E42CFBC22A7F35600A0B01D /* Build configuration list for PBXNativeTarget "Landmarks" */;
			buildPhases = (
				0E42CF8E22A7F35100A0B01D /* Sources */,
				0E42CF8F22A7F35100A0B01D /* Frameworks */,
				0E42CF9022A7F35100A0B01D /* Resources */,
			);
			buildRules = (
			);
			dependencies = (
			);
			name = Landmarks;
			productName = Landmarks;
			productReference = 0E42CF9222A7F35100A0B01D /* Landmarks.app */;
			productType = "com.apple.product-type.application";
		};
		0E42CFA722A7F35600A0B01D /* LandmarksTests */ = {
			isa = PBXNativeTarget;
			buildConfigurationList = 0E42CFBF22A7F35600A0B01D /* Build configuration list for PBXNativeTarget "LandmarksTests" */;
			buildPhases = (
				0E42CFA422A7F35600A0B01D /* Sources */,
				0E42CFA522A7F35600A0B01D /* Frameworks */,
				0E42CFA622A7F35600A0B01D /* Resources */,
			);
			buildRules = (
			);
			dependencies = (
				0E42CFAA22A7F35600A0B01D /* PBXTargetDependency */,
			);
			name = LandmarksTests;
			productName = LandmarksTests;
			productReference = 0E42CFA822A7F35600A0B01D /* LandmarksTests.xctest */;
			productType = "com.apple.product-type.bundle.unit-test";
		};
		0E42CFB222A7F35600A0B01D /* LandmarksUITests */ = {
			isa = PBXNativeTarget;
			buildConfigurationList = 0E42CFC222A7F35600A0B01D /* Build configuration list for PBXNativeTarget "LandmarksUITests" */;
			buildPhases = (
				0E42CFAF22A7F35600A0B01D /* Sources */,
				0E42CFB022A7F35600A0B01D /* Frameworks */,
				0E42CFB122A7F35600A0B01D /* Resources */,
			);
			buildRules = (
			);
			dependencies = (
				0E42CFB522A7F35600A0B01D /* PBXTargetDependency */,
			);
			name = LandmarksUITests;
			productName = LandmarksUITests;
			productReference = 0E42CFB322A7F35600A0B01D /* LandmarksUITests.xctest */;
			productType = "com.apple.product-type.bundle.ui-testing";
		};
/* End PBXNativeTarget section */

/* Begin PBXProject section */
		0E42CF8A22A7F35100A0B01D /* Project object */ = {
			isa = PBXProject;
			attributes = {
				LastSwiftUpdateCheck = 1100;
				LastUpgradeCheck = 1100;
				ORGANIZATIONNAME = "多鹿豊";
				TargetAttributes = {
					0E42CF9122A7F35100A0B01D = {
						CreatedOnToolsVersion = 11.0;
					};
					0E42CFA722A7F35600A0B01D = {
						CreatedOnToolsVersion = 11.0;
						TestTargetID = 0E42CF9122A7F35100A0B01D;
					};
					0E42CFB222A7F35600A0B01D = {
						CreatedOnToolsVersion = 11.0;
						TestTargetID = 0E42CF9122A7F35100A0B01D;
					};
				};
			};
			buildConfigurationList = 0E42CF8D22A7F35100A0B01D /* Build configuration list for PBXProject "Landmarks" */;
			compatibilityVersion = "Xcode 9.3";
			developmentRegion = en;
			hasScannedForEncodings = 0;
			knownRegions = (
				en,
				Base,
			);
			mainGroup = 0E42CF8922A7F35100A0B01D;
			productRefGroup = 0E42CF9322A7F35100A0B01D /* Products */;
			projectDirPath = "";
			projectRoot = "";
			targets = (
				0E42CF9122A7F35100A0B01D /* Landmarks */,
				0E42CFA722A7F35600A0B01D /* LandmarksTests */,
				0E42CFB222A7F35600A0B01D /* LandmarksUITests */,
			);
		};
/* End PBXProject section */

/* Begin PBXResourcesBuildPhase section */
		0E42CF9022A7F35100A0B01D /* Resources */ = {
			isa = PBXResourcesBuildPhase;
			buildActionMask = 2147483647;
			files = (
				0E42CFE422AC632900A0B01D /* umbagog.jpg in Resources */,
				0E42CFDE22AC632900A0B01D /* chincoteague.jpg in Resources */,
				0E87968322B079660090DC1B /* hikeData.json in Resources */,
				0E42CFE322AC632900A0B01D /* turtlerock.jpg in Resources */,
				0E42CFA222A7F35600A0B01D /* LaunchScreen.storyboard in Resources */,
				0E42CFE522AC632900A0B01D /* landmarkData.json in Resources */,
				0E42CFE022AC632900A0B01D /* stmarylake.jpg in Resources */,
				0E42CFDD22AC632900A0B01D /* lakemcdonald.jpg in Resources */,
				0E87966F22ACE1CD0090DC1B /* charleyrivers.jpg in Resources */,
				0E42CFDC22AC632900A0B01D /* chilkoottrail.jpg in Resources */,
				0E42CF9F22A7F35600A0B01D /* Preview Assets.xcassets in Resources */,
				0E42CFE822AC632900A0B01D /* twinlake.jpg in Resources */,
				0E42CF9C22A7F35500A0B01D /* Assets.xcassets in Resources */,
				0E42CFE622AC632900A0B01D /* silversalmoncreek.jpg in Resources */,
				0E42CFE122AC632900A0B01D /* rainbowlake.jpg in Resources */,
				0E42CFE722AC632900A0B01D /* icybay.jpg in Resources */,
				0E42CFDF22AC632900A0B01D /* hiddenlake.jpg in Resources */,
			);
			runOnlyForDeploymentPostprocessing = 0;
		};
		0E42CFA622A7F35600A0B01D /* Resources */ = {
			isa = PBXResourcesBuildPhase;
			buildActionMask = 2147483647;
			files = (
			);
			runOnlyForDeploymentPostprocessing = 0;
		};
		0E42CFB122A7F35600A0B01D /* Resources */ = {
			isa = PBXResourcesBuildPhase;
			buildActionMask = 2147483647;
			files = (
			);
			runOnlyForDeploymentPostprocessing = 0;
		};
/* End PBXResourcesBuildPhase section */

/* Begin PBXSourcesBuildPhase section */
		0E42CF8E22A7F35100A0B01D /* Sources */ = {
			isa = PBXSourcesBuildPhase;
			buildActionMask = 2147483647;
			files = (
				0E87968B22B319550090DC1B /* CategoryRow.swift in Sources */,
				0E87968722B079FF0090DC1B /* GraphCapsule.swift in Sources */,
				0E87967522AE537C0090DC1B /* HexagonParameters.swift in Sources */,
				0E42CFCD22AC62DF00A0B01D /* Data.swift in Sources */,
				0E42CF9622A7F35100A0B01D /* AppDelegate.swift in Sources */,
				0E87967322AE53210090DC1B /* Badge.swift in Sources */,
				0E87968522B079C30090DC1B /* HikeGraph.swift in Sources */,
				0E42CFEB22AC65A100A0B01D /* LandmarkRow.swift in Sources */,
				0E87967D22B078DB0090DC1B /* HikeView.swift in Sources */,
				0E87968122B0791D0090DC1B /* Hike.swift in Sources */,
				0E42CFC622A9E46700A0B01D /* CircleImage.swift in Sources */,
				0E87966D22AC6B4D0090DC1B /* LandmarkList.swift in Sources */,
				0E87967F22B078FA0090DC1B /* HikeDetail.swift in Sources */,
				0E87967922AF24510090DC1B /* BadgeSymbol.swift in Sources */,
				0E87968922B1CB450090DC1B /* Home.swift in Sources */,
				0E87967B22B075320090DC1B /* RotatedBadgeSymbol.swift in Sources */,
				0E42CFC822AA2F2A00A0B01D /* MapView.swift in Sources */,
				0E87967722AF24070090DC1B /* BadgeBackground.swift in Sources */,
				0E42CF9822A7F35100A0B01D /* SceneDelegate.swift in Sources */,
				0E42CF9A22A7F35100A0B01D /* LandmarkDetail.swift in Sources */,
				0E87967122ACE5A20090DC1B /* UserData.swift in Sources */,
				0E42CFCB22AB8C3800A0B01D /* Landmark.swift in Sources */,
			);
			runOnlyForDeploymentPostprocessing = 0;
		};
		0E42CFA422A7F35600A0B01D /* Sources */ = {
			isa = PBXSourcesBuildPhase;
			buildActionMask = 2147483647;
			files = (
				0E42CFAD22A7F35600A0B01D /* LandmarksTests.swift in Sources */,
			);
			runOnlyForDeploymentPostprocessing = 0;
		};
		0E42CFAF22A7F35600A0B01D /* Sources */ = {
			isa = PBXSourcesBuildPhase;
			buildActionMask = 2147483647;
			files = (
				0E42CFB822A7F35600A0B01D /* LandmarksUITests.swift in Sources */,
			);
			runOnlyForDeploymentPostprocessing = 0;
		};
/* End PBXSourcesBuildPhase section */

/* Begin PBXTargetDependency section */
		0E42CFAA22A7F35600A0B01D /* PBXTargetDependency */ = {
			isa = PBXTargetDependency;
			target = 0E42CF9122A7F35100A0B01D /* Landmarks */;
			targetProxy = 0E42CFA922A7F35600A0B01D /* PBXContainerItemProxy */;
		};
		0E42CFB522A7F35600A0B01D /* PBXTargetDependency */ = {
			isa = PBXTargetDependency;
			target = 0E42CF9122A7F35100A0B01D /* Landmarks */;
			targetProxy = 0E42CFB422A7F35600A0B01D /* PBXContainerItemProxy */;
		};
/* End PBXTargetDependency section */

/* Begin PBXVariantGroup section */
		0E42CFA022A7F35600A0B01D /* LaunchScreen.storyboard */ = {
			isa = PBXVariantGroup;
			children = (
				0E42CFA122A7F35600A0B01D /* Base */,
			);
			name = LaunchScreen.storyboard;
			sourceTree = "<group>";
		};
/* End PBXVariantGroup section */

/* Begin XCBuildConfiguration section */
		0E42CFBA22A7F35600A0B01D /* Debug */ = {
			isa = XCBuildConfiguration;
			buildSettings = {
				ALWAYS_SEARCH_USER_PATHS = NO;
				CLANG_ANALYZER_NONNULL = YES;
				CLANG_ANALYZER_NUMBER_OBJECT_CONVERSION = YES_AGGRESSIVE;
				CLANG_CXX_LANGUAGE_STANDARD = "gnu++14";
				CLANG_CXX_LIBRARY = "libc++";
				CLANG_ENABLE_MODULES = YES;
				CLANG_ENABLE_OBJC_ARC = YES;
				CLANG_ENABLE_OBJC_WEAK = YES;
				CLANG_WARN_BLOCK_CAPTURE_AUTORELEASING = YES;
				CLANG_WARN_BOOL_CONVERSION = YES;
				CLANG_WARN_COMMA = YES;
				CLANG_WARN_CONSTANT_CONVERSION = YES;
				CLANG_WARN_DEPRECATED_OBJC_IMPLEMENTATIONS = YES;
				CLANG_WARN_DIRECT_OBJC_ISA_USAGE = YES_ERROR;
				CLANG_WARN_DOCUMENTATION_COMMENTS = YES;
				CLANG_WARN_EMPTY_BODY = YES;
				CLANG_WARN_ENUM_CONVERSION = YES;
				CLANG_WARN_INFINITE_RECURSION = YES;
				CLANG_WARN_INT_CONVERSION = YES;
				CLANG_WARN_NON_LITERAL_NULL_CONVERSION = YES;
				CLANG_WARN_OBJC_IMPLICIT_RETAIN_SELF = YES;
				CLANG_WARN_OBJC_LITERAL_CONVERSION = YES;
				CLANG_WARN_OBJC_ROOT_CLASS = YES_ERROR;
				CLANG_WARN_RANGE_LOOP_ANALYSIS = YES;
				CLANG_WARN_STRICT_PROTOTYPES = YES;
				CLANG_WARN_SUSPICIOUS_MOVE = YES;
				CLANG_WARN_UNGUARDED_AVAILABILITY = YES_AGGRESSIVE;
				CLANG_WARN_UNREACHABLE_CODE = YES;
				CLANG_WARN__DUPLICATE_METHOD_MATCH = YES;
				COPY_PHASE_STRIP = NO;
				DEBUG_INFORMATION_FORMAT = dwarf;
				ENABLE_STRICT_OBJC_MSGSEND = YES;
				ENABLE_TESTABILITY = YES;
				GCC_C_LANGUAGE_STANDARD = gnu11;
				GCC_DYNAMIC_NO_PIC = NO;
				GCC_NO_COMMON_BLOCKS = YES;
				GCC_OPTIMIZATION_LEVEL = 0;
				GCC_PREPROCESSOR_DEFINITIONS = (
					"DEBUG=1",
					"$(inherited)",
				);
				GCC_WARN_64_TO_32_BIT_CONVERSION = YES;
				GCC_WARN_ABOUT_RETURN_TYPE = YES_ERROR;
				GCC_WARN_UNDECLARED_SELECTOR = YES;
				GCC_WARN_UNINITIALIZED_AUTOS = YES_AGGRESSIVE;
				GCC_WARN_UNUSED_FUNCTION = YES;
				GCC_WARN_UNUSED_VARIABLE = YES;
				IPHONEOS_DEPLOYMENT_TARGET = 13.0;
				MTL_ENABLE_DEBUG_INFO = INCLUDE_SOURCE;
				MTL_FAST_MATH = YES;
				ONLY_ACTIVE_ARCH = YES;
				SDKROOT = iphoneos;
				SWIFT_ACTIVE_COMPILATION_CONDITIONS = DEBUG;
				SWIFT_OPTIMIZATION_LEVEL = "-Onone";
			};
			name = Debug;
		};
		0E42CFBB22A7F35600A0B01D /* Release */ = {
			isa = XCBuildConfiguration;
			buildSettings = {
				ALWAYS_SEARCH_USER_PATHS = NO;
				CLANG_ANALYZER_NONNULL = YES;
				CLANG_ANALYZER_NUMBER_OBJECT_CONVERSION = YES_AGGRESSIVE;
				CLANG_CXX_LANGUAGE_STANDARD = "gnu++14";
				CLANG_CXX_LIBRARY = "libc++";
				CLANG_ENABLE_MODULES = YES;
				CLANG_ENABLE_OBJC_ARC = YES;
				CLANG_ENABLE_OBJC_WEAK = YES;
				CLANG_WARN_BLOCK_CAPTURE_AUTORELEASING = YES;
				CLANG_WARN_BOOL_CONVERSION = YES;
				CLANG_WARN_COMMA = YES;
				CLANG_WARN_CONSTANT_CONVERSION = YES;
				CLANG_WARN_DEPRECATED_OBJC_IMPLEMENTATIONS = YES;
				CLANG_WARN_DIRECT_OBJC_ISA_USAGE = YES_ERROR;
				CLANG_WARN_DOCUMENTATION_COMMENTS = YES;
				CLANG_WARN_EMPTY_BODY = YES;
				CLANG_WARN_ENUM_CONVERSION = YES;
				CLANG_WARN_INFINITE_RECURSION = YES;
				CLANG_WARN_INT_CONVERSION = YES;
				CLANG_WARN_NON_LITERAL_NULL_CONVERSION = YES;
				CLANG_WARN_OBJC_IMPLICIT_RETAIN_SELF = YES;
				CLANG_WARN_OBJC_LITERAL_CONVERSION = YES;
				CLANG_WARN_OBJC_ROOT_CLASS = YES_ERROR;
				CLANG_WARN_RANGE_LOOP_ANALYSIS = YES;
				CLANG_WARN_STRICT_PROTOTYPES = YES;
				CLANG_WARN_SUSPICIOUS_MOVE = YES;
				CLANG_WARN_UNGUARDED_AVAILABILITY = YES_AGGRESSIVE;
				CLANG_WARN_UNREACHABLE_CODE = YES;
				CLANG_WARN__DUPLICATE_METHOD_MATCH = YES;
				COPY_PHASE_STRIP = NO;
				DEBUG_INFORMATION_FORMAT = "dwarf-with-dsym";
				ENABLE_NS_ASSERTIONS = NO;
				ENABLE_STRICT_OBJC_MSGSEND = YES;
				GCC_C_LANGUAGE_STANDARD = gnu11;
				GCC_NO_COMMON_BLOCKS = YES;
				GCC_WARN_64_TO_32_BIT_CONVERSION = YES;
				GCC_WARN_ABOUT_RETURN_TYPE = YES_ERROR;
				GCC_WARN_UNDECLARED_SELECTOR = YES;
				GCC_WARN_UNINITIALIZED_AUTOS = YES_AGGRESSIVE;
				GCC_WARN_UNUSED_FUNCTION = YES;
				GCC_WARN_UNUSED_VARIABLE = YES;
				IPHONEOS_DEPLOYMENT_TARGET = 13.0;
				MTL_ENABLE_DEBUG_INFO = NO;
				MTL_FAST_MATH = YES;
				SDKROOT = iphoneos;
				SWIFT_COMPILATION_MODE = wholemodule;
				SWIFT_OPTIMIZATION_LEVEL = "-O";
				VALIDATE_PRODUCT = YES;
			};
			name = Release;
		};
		0E42CFBD22A7F35600A0B01D /* Debug */ = {
			isa = XCBuildConfiguration;
			buildSettings = {
				ASSETCATALOG_COMPILER_APPICON_NAME = AppIcon;
				CODE_SIGN_STYLE = Automatic;
				DEVELOPMENT_ASSET_PATHS = "Landmarks/Preview\\ Content";
				DEVELOPMENT_TEAM = R5U4C8KFRC;
				ENABLE_PREVIEWS = YES;
				INFOPLIST_FILE = Landmarks/Info.plist;
				LD_RUNPATH_SEARCH_PATHS = (
					"$(inherited)",
					"@executable_path/Frameworks",
				);
				PRODUCT_BUNDLE_IDENTIFIER = com.engideer.Landmarks;
				PRODUCT_NAME = "$(TARGET_NAME)";
				SWIFT_VERSION = 5.0;
				TARGETED_DEVICE_FAMILY = "1,2";
			};
			name = Debug;
		};
		0E42CFBE22A7F35600A0B01D /* Release */ = {
			isa = XCBuildConfiguration;
			buildSettings = {
				ASSETCATALOG_COMPILER_APPICON_NAME = AppIcon;
				CODE_SIGN_STYLE = Automatic;
				DEVELOPMENT_ASSET_PATHS = "Landmarks/Preview\\ Content";
				DEVELOPMENT_TEAM = R5U4C8KFRC;
				ENABLE_PREVIEWS = YES;
				INFOPLIST_FILE = Landmarks/Info.plist;
				LD_RUNPATH_SEARCH_PATHS = (
					"$(inherited)",
					"@executable_path/Frameworks",
				);
				PRODUCT_BUNDLE_IDENTIFIER = com.engideer.Landmarks;
				PRODUCT_NAME = "$(TARGET_NAME)";
				SWIFT_VERSION = 5.0;
				TARGETED_DEVICE_FAMILY = "1,2";
			};
			name = Release;
		};
		0E42CFC022A7F35600A0B01D /* Debug */ = {
			isa = XCBuildConfiguration;
			buildSettings = {
				ALWAYS_EMBED_SWIFT_STANDARD_LIBRARIES = YES;
				BUNDLE_LOADER = "$(TEST_HOST)";
				CODE_SIGN_STYLE = Automatic;
				DEVELOPMENT_TEAM = R5U4C8KFRC;
				INFOPLIST_FILE = LandmarksTests/Info.plist;
				LD_RUNPATH_SEARCH_PATHS = (
					"$(inherited)",
					"@executable_path/Frameworks",
					"@loader_path/Frameworks",
				);
				PRODUCT_BUNDLE_IDENTIFIER = com.engideer.LandmarksTests;
				PRODUCT_NAME = "$(TARGET_NAME)";
				SWIFT_VERSION = 5.0;
				TARGETED_DEVICE_FAMILY = "1,2";
				TEST_HOST = "$(BUILT_PRODUCTS_DIR)/Landmarks.app/Landmarks";
			};
			name = Debug;
		};
		0E42CFC122A7F35600A0B01D /* Release */ = {
			isa = XCBuildConfiguration;
			buildSettings = {
				ALWAYS_EMBED_SWIFT_STANDARD_LIBRARIES = YES;
				BUNDLE_LOADER = "$(TEST_HOST)";
				CODE_SIGN_STYLE = Automatic;
				DEVELOPMENT_TEAM = R5U4C8KFRC;
				INFOPLIST_FILE = LandmarksTests/Info.plist;
				LD_RUNPATH_SEARCH_PATHS = (
					"$(inherited)",
					"@executable_path/Frameworks",
					"@loader_path/Frameworks",
				);
				PRODUCT_BUNDLE_IDENTIFIER = com.engideer.LandmarksTests;
				PRODUCT_NAME = "$(TARGET_NAME)";
				SWIFT_VERSION = 5.0;
				TARGETED_DEVICE_FAMILY = "1,2";
				TEST_HOST = "$(BUILT_PRODUCTS_DIR)/Landmarks.app/Landmarks";
			};
			name = Release;
		};
		0E42CFC322A7F35600A0B01D /* Debug */ = {
			isa = XCBuildConfiguration;
			buildSettings = {
				ALWAYS_EMBED_SWIFT_STANDARD_LIBRARIES = YES;
				CODE_SIGN_STYLE = Automatic;
				DEVELOPMENT_TEAM = R5U4C8KFRC;
				INFOPLIST_FILE = LandmarksUITests/Info.plist;
				LD_RUNPATH_SEARCH_PATHS = (
					"$(inherited)",
					"@executable_path/Frameworks",
					"@loader_path/Frameworks",
				);
				PRODUCT_BUNDLE_IDENTIFIER = com.engideer.LandmarksUITests;
				PRODUCT_NAME = "$(TARGET_NAME)";
				SWIFT_VERSION = 5.0;
				TARGETED_DEVICE_FAMILY = "1,2";
				TEST_TARGET_NAME = Landmarks;
			};
			name = Debug;
		};
		0E42CFC422A7F35600A0B01D /* Release */ = {
			isa = XCBuildConfiguration;
			buildSettings = {
				ALWAYS_EMBED_SWIFT_STANDARD_LIBRARIES = YES;
				CODE_SIGN_STYLE = Automatic;
				DEVELOPMENT_TEAM = R5U4C8KFRC;
				INFOPLIST_FILE = LandmarksUITests/Info.plist;
				LD_RUNPATH_SEARCH_PATHS = (
					"$(inherited)",
					"@executable_path/Frameworks",
					"@loader_path/Frameworks",
				);
				PRODUCT_BUNDLE_IDENTIFIER = com.engideer.LandmarksUITests;
				PRODUCT_NAME = "$(TARGET_NAME)";
				SWIFT_VERSION = 5.0;
				TARGETED_DEVICE_FAMILY = "1,2";
				TEST_TARGET_NAME = Landmarks;
			};
			name = Release;
		};
/* End XCBuildConfiguration section */

/* Begin XCConfigurationList section */
		0E42CF8D22A7F35100A0B01D /* Build configuration list for PBXProject "Landmarks" */ = {
			isa = XCConfigurationList;
			buildConfigurations = (
				0E42CFBA22A7F35600A0B01D /* Debug */,
				0E42CFBB22A7F35600A0B01D /* Release */,
			);
			defaultConfigurationIsVisible = 0;
			defaultConfigurationName = Release;
		};
		0E42CFBC22A7F35600A0B01D /* Build configuration list for PBXNativeTarget "Landmarks" */ = {
			isa = XCConfigurationList;
			buildConfigurations = (
				0E42CFBD22A7F35600A0B01D /* Debug */,
				0E42CFBE22A7F35600A0B01D /* Release */,
			);
			defaultConfigurationIsVisible = 0;
			defaultConfigurationName = Release;
		};
		0E42CFBF22A7F35600A0B01D /* Build configuration list for PBXNativeTarget "LandmarksTests" */ = {
			isa = XCConfigurationList;
			buildConfigurations = (
				0E42CFC022A7F35600A0B01D /* Debug */,
				0E42CFC122A7F35600A0B01D /* Release */,
			);
			defaultConfigurationIsVisible = 0;
			defaultConfigurationName = Release;
		};
		0E42CFC222A7F35600A0B01D /* Build configuration list for PBXNativeTarget "LandmarksUITests" */ = {
			isa = XCConfigurationList;
			buildConfigurations = (
				0E42CFC322A7F35600A0B01D /* Debug */,
				0E42CFC422A7F35600A0B01D /* Release */,
			);
			defaultConfigurationIsVisible = 0;
			defaultConfigurationName = Release;
		};
/* End XCConfigurationList section */
	};
	rootObject = 0E42CF8A22A7F35100A0B01D /* Project object */;
}
